
Microsoft Visual Studio Solution File, Format Version 12.00
# Visual Studio Version 17
VisualStudioVersion = 17.4.33205.214
MinimumVisualStudioVersion = 10.0.40219.1
Project("{9A19103F-16F7-4668-BE54-9A1E7A4F7556}") = "KnuxLib", "KnuxLib\KnuxLib.csproj", "{798D2744-50DF-45B9-9011-953576D3E68A}"
EndProject
Project("{9A19103F-16F7-4668-BE54-9A1E7A4F7556}") = "KnuxTest", "KnuxTest\KnuxTest.csproj", "{38F615DD-C6F6-4B7D-8B10-0E99F09B19CC}"
EndProject
Project("{9A19103F-16F7-4668-BE54-9A1E7A4F7556}") = "KnuxTools", "KnuxTools\KnuxTools.csproj", "{34DB94CD-7BFF-41BB-B69A-3BF4C41F5A75}"
EndProject
Project("{FAE04EC0-301F-11D3-BF4B-00C04F79EFBC}") = "HedgeLib", "HedgeLib\HedgeLib\HedgeLib.csproj", "{EEB16FCA-FF9F-40B5-9D43-F2460AA930C8}"
EndProject
Project("{FAE04EC0-301F-11D3-BF4B-00C04F79EFBC}") = "FraGag.Compression.Prs", "prs.net\FraGag.Compression.Prs\FraGag.Compression.Prs.csproj", "{EC8BB2B3-1975-41B9-8D59-3A6403271112}"
EndProject
Project("{9A19103F-16F7-4668-BE54-9A1E7A4F7556}") = "PuyoTools.Core", "puyotools\src\PuyoTools.Core\PuyoTools.Core.csproj", "{45016CF2-2B9F-4241-8960-33B23B0077B5}"
EndProject
Global
	GlobalSection(SolutionConfigurationPlatforms) = preSolution
		Debug|Any CPU = Debug|Any CPU
		Release|Any CPU = Release|Any CPU
	EndGlobalSection
	GlobalSection(ProjectConfigurationPlatforms) = postSolution
		{798D2744-50DF-45B9-9011-953576D3E68A}.Debug|Any CPU.ActiveCfg = Debug|Any CPU
		{798D2744-50DF-45B9-9011-953576D3E68A}.Debug|Any CPU.Build.0 = Debug|Any CPU
		{798D2744-50DF-45B9-9011-953576D3E68A}.Release|Any CPU.ActiveCfg = Release|Any CPU
		{798D2744-50DF-45B9-9011-953576D3E68A}.Release|Any CPU.Build.0 = Release|Any CPU
		{38F615DD-C6F6-4B7D-8B10-0E99F09B19CC}.Debug|Any CPU.ActiveCfg = Debug|Any CPU
		{38F615DD-C6F6-4B7D-8B10-0E99F09B19CC}.Debug|Any CPU.Build.0 = Debug|Any CPU
		{38F615DD-C6F6-4B7D-8B10-0E99F09B19CC}.Release|Any CPU.ActiveCfg = Release|Any CPU
		{38F615DD-C6F6-4B7D-8B10-0E99F09B19CC}.Release|Any CPU.Build.0 = Release|Any CPU
		{34DB94CD-7BFF-41BB-B69A-3BF4C41F5A75}.Debug|Any CPU.ActiveCfg = Debug|Any CPU
		{34DB94CD-7BFF-41BB-B69A-3BF4C41F5A75}.Debug|Any CPU.Build.0 = Debug|Any CPU
		{34DB94CD-7BFF-41BB-B69A-3BF4C41F5A75}.Release|Any CPU.ActiveCfg = Release|Any CPU
		{34DB94CD-7BFF-41BB-B69A-3BF4C41F5A75}.Release|Any CPU.Build.0 = Release|Any CPU
		{EEB16FCA-FF9F-40B5-9D43-F2460AA930C8}.Debug|Any CPU.ActiveCfg = Debug|Any CPU
		{EEB16FCA-FF9F-40B5-9D43-F2460AA930C8}.Debug|Any CPU.Build.0 = Debug|Any CPU
		{EEB16FCA-FF9F-40B5-9D43-F2460AA930C8}.Release|Any CPU.ActiveCfg = Release|Any CPU
		{EEB16FCA-FF9F-40B5-9D43-F2460AA930C8}.Release|Any CPU.Build.0 = Release|Any CPU
		{EC8BB2B3-1975-41B9-8D59-3A6403271112}.Debug|Any CPU.ActiveCfg = Debug|Any CPU
		{EC8BB2B3-1975-41B9-8D59-3A6403271112}.Debug|Any CPU.Build.0 = Debug|Any CPU
		{EC8BB2B3-1975-41B9-8D59-3A6403271112}.Release|Any CPU.ActiveCfg = Release|Any CPU
		{EC8BB2B3-1975-41B9-8D59-3A6403271112}.Release|Any CPU.Build.0 = Release|Any CPU
		{45016CF2-2B9F-4241-8960-33B23B0077B5}.Debug|Any CPU.ActiveCfg = Debug|Any CPU
		{45016CF2-2B9F-4241-8960-33B23B0077B5}.Debug|Any CPU.Build.0 = Debug|Any CPU
		{45016CF2-2B9F-4241-8960-33B23B0077B5}.Release|Any CPU.ActiveCfg = Release|Any CPU
		{45016CF2-2B9F-4241-8960-33B23B0077B5}.Release|Any CPU.Build.0 = Release|Any CPU
	EndGlobalSection
	GlobalSection(SolutionProperties) = preSolution
		HideSolutionNode = FALSE
	EndGlobalSection
	GlobalSection(ExtensibilityGlobals) = postSolution
		SolutionGuid = {29A4BE21-EB00-4E48-8D49-D806A208FE33}
	EndGlobalSection
EndGlobal
